// !$*UTF8*$!
{
	archiveVersion = 1;
	classes = {
	};
	objectVersion = 56;
	objects = {

/* Begin PBXBuildFile section */
		097D6B1B29AD38E3007B359D /* AppDelegate.swift in Sources */ = {isa = PBXBuildFile; fileRef = 097D6B1A29AD38E3007B359D /* AppDelegate.swift */; };
		097D6B1D29AD38E3007B359D /* SceneDelegate.swift in Sources */ = {isa = PBXBuildFile; fileRef = 097D6B1C29AD38E3007B359D /* SceneDelegate.swift */; };
		097D6B1F29AD38E3007B359D /* MapViewController.swift in Sources */ = {isa = PBXBuildFile; fileRef = 097D6B1E29AD38E3007B359D /* MapViewController.swift */; };
		097D6B2229AD38E3007B359D /* Main.storyboard in Resources */ = {isa = PBXBuildFile; fileRef = 097D6B2029AD38E3007B359D /* Main.storyboard */; };
		097D6B2429AD38E4007B359D /* Assets.xcassets in Resources */ = {isa = PBXBuildFile; fileRef = 097D6B2329AD38E4007B359D /* Assets.xcassets */; };
		097D6B2729AD38E4007B359D /* LaunchScreen.storyboard in Resources */ = {isa = PBXBuildFile; fileRef = 097D6B2529AD38E4007B359D /* LaunchScreen.storyboard */; };
		097D6B3129AD5414007B359D /* AboutViewController.swift in Sources */ = {isa = PBXBuildFile; fileRef = 097D6B3029AD5414007B359D /* AboutViewController.swift */; };
		097D6B3329AF18DA007B359D /* ListViewController.swift in Sources */ = {isa = PBXBuildFile; fileRef = 097D6B3229AF18DA007B359D /* ListViewController.swift */; };
		097D6B3729AFF76C007B359D /* NineFeatures.geojson in Resources */ = {isa = PBXBuildFile; fileRef = 097D6B3629AFF76C007B359D /* NineFeatures.geojson */; };
		097D6B3929B1C34F007B359D /* FeatureData.swift in Sources */ = {isa = PBXBuildFile; fileRef = 097D6B3829B1C34F007B359D /* FeatureData.swift */; };
		097D6B3C29B1C73C007B359D /* FeatureModel.swift in Sources */ = {isa = PBXBuildFile; fileRef = 097D6B3B29B1C73C007B359D /* FeatureModel.swift */; };
		097D6B3E29B1C854007B359D /* FeatureManager.swift in Sources */ = {isa = PBXBuildFile; fileRef = 097D6B3D29B1C854007B359D /* FeatureManager.swift */; };
		097D6B4029B1D688007B359D /* CategoryCollectionViewCell.swift in Sources */ = {isa = PBXBuildFile; fileRef = 097D6B3F29B1D688007B359D /* CategoryCollectionViewCell.swift */; };
		AFF4D071CFABE5DD50899647 /* Pods_Nine.framework in Frameworks */ = {isa = PBXBuildFile; fileRef = E6964FD2331C2BB444A6616E /* Pods_Nine.framework */; };
/* End PBXBuildFile section */

/* Begin PBXFileReference section */
		097D6B1729AD38E3007B359D /* Nine.app */ = {isa = PBXFileReference; explicitFileType = wrapper.application; includeInIndex = 0; path = Nine.app; sourceTree = BUILT_PRODUCTS_DIR; };
		097D6B1A29AD38E3007B359D /* AppDelegate.swift */ = {isa = PBXFileReference; lastKnownFileType = sourcecode.swift; path = AppDelegate.swift; sourceTree = "<group>"; };
		097D6B1C29AD38E3007B359D /* SceneDelegate.swift */ = {isa = PBXFileReference; lastKnownFileType = sourcecode.swift; path = SceneDelegate.swift; sourceTree = "<group>"; };
		097D6B1E29AD38E3007B359D /* MapViewController.swift */ = {isa = PBXFileReference; lastKnownFileType = sourcecode.swift; path = MapViewController.swift; sourceTree = "<group>"; };
		097D6B2129AD38E3007B359D /* Base */ = {isa = PBXFileReference; lastKnownFileType = file.storyboard; name = Base; path = Base.lproj/Main.storyboard; sourceTree = "<group>"; };
		097D6B2329AD38E4007B359D /* Assets.xcassets */ = {isa = PBXFileReference; lastKnownFileType = folder.assetcatalog; path = Assets.xcassets; sourceTree = "<group>"; };
		097D6B2629AD38E4007B359D /* Base */ = {isa = PBXFileReference; lastKnownFileType = file.storyboard; name = Base; path = Base.lproj/LaunchScreen.storyboard; sourceTree = "<group>"; };
		097D6B2829AD38E4007B359D /* Info.plist */ = {isa = PBXFileReference; lastKnownFileType = text.plist.xml; path = Info.plist; sourceTree = "<group>"; };
		097D6B3029AD5414007B359D /* AboutViewController.swift */ = {isa = PBXFileReference; lastKnownFileType = sourcecode.swift; path = AboutViewController.swift; sourceTree = "<group>"; };
		097D6B3229AF18DA007B359D /* ListViewController.swift */ = {isa = PBXFileReference; lastKnownFileType = sourcecode.swift; path = ListViewController.swift; sourceTree = "<group>"; };
		097D6B3629AFF76C007B359D /* NineFeatures.geojson */ = {isa = PBXFileReference; fileEncoding = 4; lastKnownFileType = text; path = NineFeatures.geojson; sourceTree = "<group>"; };
		097D6B3829B1C34F007B359D /* FeatureData.swift */ = {isa = PBXFileReference; lastKnownFileType = sourcecode.swift; path = FeatureData.swift; sourceTree = "<group>"; };
		097D6B3B29B1C73C007B359D /* FeatureModel.swift */ = {isa = PBXFileReference; lastKnownFileType = sourcecode.swift; path = FeatureModel.swift; sourceTree = "<group>"; };
		097D6B3D29B1C854007B359D /* FeatureManager.swift */ = {isa = PBXFileReference; lastKnownFileType = sourcecode.swift; path = FeatureManager.swift; sourceTree = "<group>"; };
		097D6B3F29B1D688007B359D /* CategoryCollectionViewCell.swift */ = {isa = PBXFileReference; lastKnownFileType = sourcecode.swift; path = CategoryCollectionViewCell.swift; sourceTree = "<group>"; };
		571A2C4A2254B90C7414EE9D /* Pods-Nine.release.xcconfig */ = {isa = PBXFileReference; includeInIndex = 1; lastKnownFileType = text.xcconfig; name = "Pods-Nine.release.xcconfig"; path = "Target Support Files/Pods-Nine/Pods-Nine.release.xcconfig"; sourceTree = "<group>"; };
		E6964FD2331C2BB444A6616E /* Pods_Nine.framework */ = {isa = PBXFileReference; explicitFileType = wrapper.framework; includeInIndex = 0; path = Pods_Nine.framework; sourceTree = BUILT_PRODUCTS_DIR; };
		FE888812E80C7C41463A6D43 /* Pods-Nine.debug.xcconfig */ = {isa = PBXFileReference; includeInIndex = 1; lastKnownFileType = text.xcconfig; name = "Pods-Nine.debug.xcconfig"; path = "Target Support Files/Pods-Nine/Pods-Nine.debug.xcconfig"; sourceTree = "<group>"; };
/* End PBXFileReference section */

/* Begin PBXFrameworksBuildPhase section */
		097D6B1429AD38E3007B359D /* Frameworks */ = {
			isa = PBXFrameworksBuildPhase;
			buildActionMask = 2147483647;
			files = (
				AFF4D071CFABE5DD50899647 /* Pods_Nine.framework in Frameworks */,
			);
			runOnlyForDeploymentPostprocessing = 0;
		};
/* End PBXFrameworksBuildPhase section */

/* Begin PBXGroup section */
		097D6B0E29AD38E3007B359D = {
			isa = PBXGroup;
			children = (
				097D6B1929AD38E3007B359D /* Nine */,
				097D6B1829AD38E3007B359D /* Products */,
				641F9EFD42202B495F73B6D0 /* Pods */,
				CE476E80596F0C78786CC5DE /* Frameworks */,
			);
			sourceTree = "<group>";
		};
		097D6B1829AD38E3007B359D /* Products */ = {
			isa = PBXGroup;
			children = (
				097D6B1729AD38E3007B359D /* Nine.app */,
			);
			name = Products;
			sourceTree = "<group>";
		};
		097D6B1929AD38E3007B359D /* Nine */ = {
			isa = PBXGroup;
			children = (
				097D6B1A29AD38E3007B359D /* AppDelegate.swift */,
				097D6B1C29AD38E3007B359D /* SceneDelegate.swift */,
				097D6B3A29B1C35C007B359D /* Model */,
				097D6B2E29AD3AE1007B359D /* Controller */,
				097D6B2F29AD3AF5007B359D /* View */,
				097D6B2329AD38E4007B359D /* Assets.xcassets */,
				097D6B2529AD38E4007B359D /* LaunchScreen.storyboard */,
				097D6B2829AD38E4007B359D /* Info.plist */,
				097D6B3629AFF76C007B359D /* NineFeatures.geojson */,
			);
			path = Nine;
			sourceTree = "<group>";
		};
		097D6B2E29AD3AE1007B359D /* Controller */ = {
			isa = PBXGroup;
			children = (
				097D6B1E29AD38E3007B359D /* MapViewController.swift */,
				097D6B3029AD5414007B359D /* AboutViewController.swift */,
				097D6B3229AF18DA007B359D /* ListViewController.swift */,
			);
			path = Controller;
			sourceTree = "<group>";
		};
		097D6B2F29AD3AF5007B359D /* View */ = {
			isa = PBXGroup;
			children = (
				097D6B2029AD38E3007B359D /* Main.storyboard */,
				097D6B3F29B1D688007B359D /* CategoryCollectionViewCell.swift */,
			);
			path = View;
			sourceTree = "<group>";
		};
		097D6B3A29B1C35C007B359D /* Model */ = {
			isa = PBXGroup;
			children = (
				097D6B3829B1C34F007B359D /* FeatureData.swift */,
				097D6B3B29B1C73C007B359D /* FeatureModel.swift */,
				097D6B3D29B1C854007B359D /* FeatureManager.swift */,
			);
			path = Model;
			sourceTree = "<group>";
		};
		641F9EFD42202B495F73B6D0 /* Pods */ = {
			isa = PBXGroup;
			children = (
				FE888812E80C7C41463A6D43 /* Pods-Nine.debug.xcconfig */,
				571A2C4A2254B90C7414EE9D /* Pods-Nine.release.xcconfig */,
			);
			path = Pods;
			sourceTree = "<group>";
		};
		CE476E80596F0C78786CC5DE /* Frameworks */ = {
			isa = PBXGroup;
			children = (
				E6964FD2331C2BB444A6616E /* Pods_Nine.framework */,
			);
			name = Frameworks;
			sourceTree = "<group>";
		};
/* End PBXGroup section */

/* Begin PBXNativeTarget section */
		097D6B1629AD38E3007B359D /* Nine */ = {
			isa = PBXNativeTarget;
			buildConfigurationList = 097D6B2B29AD38E4007B359D /* Build configuration list for PBXNativeTarget "Nine" */;
			buildPhases = (
				92B10E1C585BAF90771B04A5 /* [CP] Check Pods Manifest.lock */,
				097D6B1329AD38E3007B359D /* Sources */,
				097D6B1429AD38E3007B359D /* Frameworks */,
				097D6B1529AD38E3007B359D /* Resources */,
				49E5B148EA8074E9AA156EE6 /* [CP] Embed Pods Frameworks */,
			);
			buildRules = (
			);
			dependencies = (
			);
			name = Nine;
			productName = Nine;
			productReference = 097D6B1729AD38E3007B359D /* Nine.app */;
			productType = "com.apple.product-type.application";
		};
/* End PBXNativeTarget section */

/* Begin PBXProject section */
		097D6B0F29AD38E3007B359D /* Project object */ = {
			isa = PBXProject;
			attributes = {
				BuildIndependentTargetsInParallel = 1;
				LastSwiftUpdateCheck = 1410;
				LastUpgradeCheck = 1410;
				TargetAttributes = {
					097D6B1629AD38E3007B359D = {
						CreatedOnToolsVersion = 14.1;
					};
				};
			};
			buildConfigurationList = 097D6B1229AD38E3007B359D /* Build configuration list for PBXProject "Nine" */;
			compatibilityVersion = "Xcode 14.0";
			developmentRegion = en;
			hasScannedForEncodings = 0;
			knownRegions = (
				en,
				Base,
			);
			mainGroup = 097D6B0E29AD38E3007B359D;
			productRefGroup = 097D6B1829AD38E3007B359D /* Products */;
			projectDirPath = "";
			projectRoot = "";
			targets = (
				097D6B1629AD38E3007B359D /* Nine */,
			);
		};
/* End PBXProject section */

/* Begin PBXResourcesBuildPhase section */
		097D6B1529AD38E3007B359D /* Resources */ = {
			isa = PBXResourcesBuildPhase;
			buildActionMask = 2147483647;
			files = (
				097D6B3729AFF76C007B359D /* NineFeatures.geojson in Resources */,
				097D6B2729AD38E4007B359D /* LaunchScreen.storyboard in Resources */,
				097D6B2429AD38E4007B359D /* Assets.xcassets in Resources */,
				097D6B2229AD38E3007B359D /* Main.storyboard in Resources */,
			);
			runOnlyForDeploymentPostprocessing = 0;
		};
/* End PBXResourcesBuildPhase section */

/* Begin PBXShellScriptBuildPhase section */
		49E5B148EA8074E9AA156EE6 /* [CP] Embed Pods Frameworks */ = {
			isa = PBXShellScriptBuildPhase;
			buildActionMask = 2147483647;
			files = (
			);
			inputFileListPaths = (
				"${PODS_ROOT}/Target Support Files/Pods-Nine/Pods-Nine-frameworks-${CONFIGURATION}-input-files.xcfilelist",
			);
			name = "[CP] Embed Pods Frameworks";
			outputFileListPaths = (
				"${PODS_ROOT}/Target Support Files/Pods-Nine/Pods-Nine-frameworks-${CONFIGURATION}-output-files.xcfilelist",
			);
			runOnlyForDeploymentPostprocessing = 0;
			shellPath = /bin/sh;
			shellScript = "\"${PODS_ROOT}/Target Support Files/Pods-Nine/Pods-Nine-frameworks.sh\"\n";
			showEnvVarsInLog = 0;
		};
		92B10E1C585BAF90771B04A5 /* [CP] Check Pods Manifest.lock */ = {
			isa = PBXShellScriptBuildPhase;
			buildActionMask = 2147483647;
			files = (
			);
			inputFileListPaths = (
			);
			inputPaths = (
				"${PODS_PODFILE_DIR_PATH}/Podfile.lock",
				"${PODS_ROOT}/Manifest.lock",
			);
			name = "[CP] Check Pods Manifest.lock";
			outputFileListPaths = (
			);
			outputPaths = (
				"$(DERIVED_FILE_DIR)/Pods-Nine-checkManifestLockResult.txt",
			);
			runOnlyForDeploymentPostprocessing = 0;
			shellPath = /bin/sh;
			shellScript = "diff \"${PODS_PODFILE_DIR_PATH}/Podfile.lock\" \"${PODS_ROOT}/Manifest.lock\" > /dev/null\nif [ $? != 0 ] ; then\n    # print error to STDERR\n    echo \"error: The sandbox is not in sync with the Podfile.lock. Run 'pod install' or update your CocoaPods installation.\" >&2\n    exit 1\nfi\n# This output is used by Xcode 'outputs' to avoid re-running this script phase.\necho \"SUCCESS\" > \"${SCRIPT_OUTPUT_FILE_0}\"\n";
			showEnvVarsInLog = 0;
		};
/* End PBXShellScriptBuildPhase section */

/* Begin PBXSourcesBuildPhase section */
		097D6B1329AD38E3007B359D /* Sources */ = {
			isa = PBXSourcesBuildPhase;
			buildActionMask = 2147483647;
			files = (
				097D6B1F29AD38E3007B359D /* MapViewController.swift in Sources */,
				097D6B1B29AD38E3007B359D /* AppDelegate.swift in Sources */,
				097D6B3129AD5414007B359D /* AboutViewController.swift in Sources */,
				097D6B3329AF18DA007B359D /* ListViewController.swift in Sources */,
				097D6B4029B1D688007B359D /* CategoryCollectionViewCell.swift in Sources */,
				097D6B3E29B1C854007B359D /* FeatureManager.swift in Sources */,
				097D6B3C29B1C73C007B359D /* FeatureModel.swift in Sources */,
				097D6B3929B1C34F007B359D /* FeatureData.swift in Sources */,
				097D6B1D29AD38E3007B359D /* SceneDelegate.swift in Sources */,
			);
			runOnlyForDeploymentPostprocessing = 0;
		};
/* End PBXSourcesBuildPhase section */

/* Begin PBXVariantGroup section */
		097D6B2029AD38E3007B359D /* Main.storyboard */ = {
			isa = PBXVariantGroup;
			children = (
				097D6B2129AD38E3007B359D /* Base */,
			);
			name = Main.storyboard;
			sourceTree = "<group>";
		};
		097D6B2529AD38E4007B359D /* LaunchScreen.storyboard */ = {
			isa = PBXVariantGroup;
			children = (
				097D6B2629AD38E4007B359D /* Base */,
			);
			name = LaunchScreen.storyboard;
			sourceTree = "<group>";
		};
/* End PBXVariantGroup section */

/* Begin XCBuildConfiguration section */
		097D6B2929AD38E4007B359D /* Debug */ = {
			isa = XCBuildConfiguration;
			buildSettings = {
				ALWAYS_SEARCH_USER_PATHS = NO;
				CLANG_ANALYZER_NONNULL = YES;
				CLANG_ANALYZER_NUMBER_OBJECT_CONVERSION = YES_AGGRESSIVE;
				CLANG_CXX_LANGUAGE_STANDARD = "gnu++20";
				CLANG_ENABLE_MODULES = YES;
				CLANG_ENABLE_OBJC_ARC = YES;
				CLANG_ENABLE_OBJC_WEAK = YES;
				CLANG_WARN_BLOCK_CAPTURE_AUTORELEASING = YES;
				CLANG_WARN_BOOL_CONVERSION = YES;
				CLANG_WARN_COMMA = YES;
				CLANG_WARN_CONSTANT_CONVERSION = YES;
				CLANG_WARN_DEPRECATED_OBJC_IMPLEMENTATIONS = YES;
				CLANG_WARN_DIRECT_OBJC_ISA_USAGE = YES_ERROR;
				CLANG_WARN_DOCUMENTATION_COMMENTS = YES;
				CLANG_WARN_EMPTY_BODY = YES;
				CLANG_WARN_ENUM_CONVERSION = YES;
				CLANG_WARN_INFINITE_RECURSION = YES;
				CLANG_WARN_INT_CONVERSION = YES;
				CLANG_WARN_NON_LITERAL_NULL_CONVERSION = YES;
				CLANG_WARN_OBJC_IMPLICIT_RETAIN_SELF = YES;
				CLANG_WARN_OBJC_LITERAL_CONVERSION = YES;
				CLANG_WARN_OBJC_ROOT_CLASS = YES_ERROR;
				CLANG_WARN_QUOTED_INCLUDE_IN_FRAMEWORK_HEADER = YES;
				CLANG_WARN_RANGE_LOOP_ANALYSIS = YES;
				CLANG_WARN_STRICT_PROTOTYPES = YES;
				CLANG_WARN_SUSPICIOUS_MOVE = YES;
				CLANG_WARN_UNGUARDED_AVAILABILITY = YES_AGGRESSIVE;
				CLANG_WARN_UNREACHABLE_CODE = YES;
				CLANG_WARN__DUPLICATE_METHOD_MATCH = YES;
				COPY_PHASE_STRIP = NO;
				DEBUG_INFORMATION_FORMAT = dwarf;
				ENABLE_STRICT_OBJC_MSGSEND = YES;
				ENABLE_TESTABILITY = YES;
				GCC_C_LANGUAGE_STANDARD = gnu11;
				GCC_DYNAMIC_NO_PIC = NO;
				GCC_NO_COMMON_BLOCKS = YES;
				GCC_OPTIMIZATION_LEVEL = 0;
				GCC_PREPROCESSOR_DEFINITIONS = (
					"DEBUG=1",
					"$(inherited)",
				);
				GCC_WARN_64_TO_32_BIT_CONVERSION = YES;
				GCC_WARN_ABOUT_RETURN_TYPE = YES_ERROR;
				GCC_WARN_UNDECLARED_SELECTOR = YES;
				GCC_WARN_UNINITIALIZED_AUTOS = YES_AGGRESSIVE;
				GCC_WARN_UNUSED_FUNCTION = YES;
				GCC_WARN_UNUSED_VARIABLE = YES;
				IPHONEOS_DEPLOYMENT_TARGET = 16.1;
				MTL_ENABLE_DEBUG_INFO = INCLUDE_SOURCE;
				MTL_FAST_MATH = YES;
				ONLY_ACTIVE_ARCH = YES;
				SDKROOT = iphoneos;
				SWIFT_ACTIVE_COMPILATION_CONDITIONS = DEBUG;
				SWIFT_OPTIMIZATION_LEVEL = "-Onone";
			};
			name = Debug;
		};
		097D6B2A29AD38E4007B359D /* Release */ = {
			isa = XCBuildConfiguration;
			buildSettings = {
				ALWAYS_SEARCH_USER_PATHS = NO;
				CLANG_ANALYZER_NONNULL = YES;
				CLANG_ANALYZER_NUMBER_OBJECT_CONVERSION = YES_AGGRESSIVE;
				CLANG_CXX_LANGUAGE_STANDARD = "gnu++20";
				CLANG_ENABLE_MODULES = YES;
				CLANG_ENABLE_OBJC_ARC = YES;
				CLANG_ENABLE_OBJC_WEAK = YES;
				CLANG_WARN_BLOCK_CAPTURE_AUTORELEASING = YES;
				CLANG_WARN_BOOL_CONVERSION = YES;
				CLANG_WARN_COMMA = YES;
				CLANG_WARN_CONSTANT_CONVERSION = YES;
				CLANG_WARN_DEPRECATED_OBJC_IMPLEMENTATIONS = YES;
				CLANG_WARN_DIRECT_OBJC_ISA_USAGE = YES_ERROR;
				CLANG_WARN_DOCUMENTATION_COMMENTS = YES;
				CLANG_WARN_EMPTY_BODY = YES;
				CLANG_WARN_ENUM_CONVERSION = YES;
				CLANG_WARN_INFINITE_RECURSION = YES;
				CLANG_WARN_INT_CONVERSION = YES;
				CLANG_WARN_NON_LITERAL_NULL_CONVERSION = YES;
				CLANG_WARN_OBJC_IMPLICIT_RETAIN_SELF = YES;
				CLANG_WARN_OBJC_LITERAL_CONVERSION = YES;
				CLANG_WARN_OBJC_ROOT_CLASS = YES_ERROR;
				CLANG_WARN_QUOTED_INCLUDE_IN_FRAMEWORK_HEADER = YES;
				CLANG_WARN_RANGE_LOOP_ANALYSIS = YES;
				CLANG_WARN_STRICT_PROTOTYPES = YES;
				CLANG_WARN_SUSPICIOUS_MOVE = YES;
				CLANG_WARN_UNGUARDED_AVAILABILITY = YES_AGGRESSIVE;
				CLANG_WARN_UNREACHABLE_CODE = YES;
				CLANG_WARN__DUPLICATE_METHOD_MATCH = YES;
				COPY_PHASE_STRIP = NO;
				DEBUG_INFORMATION_FORMAT = "dwarf-with-dsym";
				ENABLE_NS_ASSERTIONS = NO;
				ENABLE_STRICT_OBJC_MSGSEND = YES;
				GCC_C_LANGUAGE_STANDARD = gnu11;
				GCC_NO_COMMON_BLOCKS = YES;
				GCC_WARN_64_TO_32_BIT_CONVERSION = YES;
				GCC_WARN_ABOUT_RETURN_TYPE = YES_ERROR;
				GCC_WARN_UNDECLARED_SELECTOR = YES;
				GCC_WARN_UNINITIALIZED_AUTOS = YES_AGGRESSIVE;
				GCC_WARN_UNUSED_FUNCTION = YES;
				GCC_WARN_UNUSED_VARIABLE = YES;
				IPHONEOS_DEPLOYMENT_TARGET = 16.1;
				MTL_ENABLE_DEBUG_INFO = NO;
				MTL_FAST_MATH = YES;
				SDKROOT = iphoneos;
				SWIFT_COMPILATION_MODE = wholemodule;
				SWIFT_OPTIMIZATION_LEVEL = "-O";
				VALIDATE_PRODUCT = YES;
			};
			name = Release;
		};
		097D6B2C29AD38E4007B359D /* Debug */ = {
			isa = XCBuildConfiguration;
			baseConfigurationReference = FE888812E80C7C41463A6D43 /* Pods-Nine.debug.xcconfig */;
			buildSettings = {
				ASSETCATALOG_COMPILER_APPICON_NAME = AppIcon;
				ASSETCATALOG_COMPILER_GLOBAL_ACCENT_COLOR_NAME = AccentColor;
				CODE_SIGN_STYLE = Automatic;
				CURRENT_PROJECT_VERSION = 1;
				DEVELOPMENT_TEAM = BCGN9M6LM3;
				GENERATE_INFOPLIST_FILE = YES;
				INFOPLIST_FILE = Nine/Info.plist;
				INFOPLIST_KEY_UIApplicationSupportsIndirectInputEvents = YES;
				INFOPLIST_KEY_UILaunchStoryboardName = LaunchScreen;
				INFOPLIST_KEY_UIMainStoryboardFile = Main;
				INFOPLIST_KEY_UISupportedInterfaceOrientations = UIInterfaceOrientationPortrait;
				INFOPLIST_KEY_UISupportedInterfaceOrientations_iPad = "UIInterfaceOrientationLandscapeRight UIInterfaceOrientationPortrait";
				IPHONEOS_DEPLOYMENT_TARGET = 13.0;
				LD_RUNPATH_SEARCH_PATHS = (
					"$(inherited)",
					"@executable_path/Frameworks",
				);
				MARKETING_VERSION = 1.0;
				PRODUCT_BUNDLE_IDENTIFIER = com.thaolyngo.Nine;
				PRODUCT_NAME = "$(TARGET_NAME)";
				SUPPORTED_PLATFORMS = "iphoneos iphonesimulator";
				SUPPORTS_MACCATALYST = NO;
				SUPPORTS_MAC_DESIGNED_FOR_IPHONE_IPAD = YES;
				SWIFT_EMIT_LOC_STRINGS = YES;
				SWIFT_VERSION = 5.0;
				TARGETED_DEVICE_FAMILY = 1;
			};
			name = Debug;
		};
		097D6B2D29AD38E4007B359D /* Release */ = {
			isa = XCBuildConfiguration;
			baseConfigurationReference = 571A2C4A2254B90C7414EE9D /* Pods-Nine.release.xcconfig */;
			buildSettings = {
				ASSETCATALOG_COMPILER_APPICON_NAME = AppIcon;
				ASSETCATALOG_COMPILER_GLOBAL_ACCENT_COLOR_NAME = AccentColor;
				CODE_SIGN_STYLE = Automatic;
				CURRENT_PROJECT_VERSION = 1;
				DEVELOPMENT_TEAM = BCGN9M6LM3;
				GENERATE_INFOPLIST_FILE = YES;
				INFOPLIST_FILE = Nine/Info.plist;
				INFOPLIST_KEY_UIApplicationSupportsIndirectInputEvents = YES;
				INFOPLIST_KEY_UILaunchStoryboardName = LaunchScreen;
				INFOPLIST_KEY_UIMainStoryboardFile = Main;
				INFOPLIST_KEY_UISupportedInterfaceOrientations = UIInterfaceOrientationPortrait;
				INFOPLIST_KEY_UISupportedInterfaceOrientations_iPad = "UIInterfaceOrientationLandscapeRight UIInterfaceOrientationPortrait";
				IPHONEOS_DEPLOYMENT_TARGET = 13.0;
				LD_RUNPATH_SEARCH_PATHS = (
					"$(inherited)",
					"@executable_path/Frameworks",
				);
				MARKETING_VERSION = 1.0;
				PRODUCT_BUNDLE_IDENTIFIER = com.thaolyngo.Nine;
				PRODUCT_NAME = "$(TARGET_NAME)";
				SUPPORTED_PLATFORMS = "iphoneos iphonesimulator";
				SUPPORTS_MACCATALYST = NO;
				SUPPORTS_MAC_DESIGNED_FOR_IPHONE_IPAD = YES;
				SWIFT_EMIT_LOC_STRINGS = YES;
				SWIFT_VERSION = 5.0;
				TARGETED_DEVICE_FAMILY = 1;
			};
			name = Release;
		};
/* End XCBuildConfiguration section */

/* Begin XCConfigurationList section */
		097D6B1229AD38E3007B359D /* Build configuration list for PBXProject "Nine" */ = {
			isa = XCConfigurationList;
			buildConfigurations = (
				097D6B2929AD38E4007B359D /* Debug */,
				097D6B2A29AD38E4007B359D /* Release */,
			);
			defaultConfigurationIsVisible = 0;
			defaultConfigurationName = Release;
		};
		097D6B2B29AD38E4007B359D /* Build configuration list for PBXNativeTarget "Nine" */ = {
			isa = XCConfigurationList;
			buildConfigurations = (
				097D6B2C29AD38E4007B359D /* Debug */,
				097D6B2D29AD38E4007B359D /* Release */,
			);
			defaultConfigurationIsVisible = 0;
			defaultConfigurationName = Release;
		};
/* End XCConfigurationList section */
	};
	rootObject = 097D6B0F29AD38E3007B359D /* Project object */;
}
